
Microsoft Visual Studio Solution File, Format Version 12.00
# Visual Studio Version 17
VisualStudioVersion = 17.3.32819.101
MinimumVisualStudioVersion = 10.0.40219.1
Project("{9A19103F-16F7-4668-BE54-9A1E7A4F7556}") = "CSharp.Net6.BlazorNativeIntegrationDemo", ".NET 6\BlazorNativeIntegrationDemo\CSharp.Net6.BlazorNativeIntegrationDemo.csproj", "{5F369623-62FA-41E9-A022-148C7B3E22F8}"
EndProject
Project("{9A19103F-16F7-4668-BE54-9A1E7A4F7556}") = "CSharp.Net7.BlazorNativeIntegrationDemo", ".NET 7\BlazorNativeIntegrationDemo\CSharp.Net7.BlazorNativeIntegrationDemo.csproj", "{631C2A77-2C05-4DFB-9E44-C4B34223045E}"
EndProject
Project("{9A19103F-16F7-4668-BE54-9A1E7A4F7556}") = "CSharp.Net8.BlazorNativeIntegrationDemo", ".NET 8\BlazorNativeIntegrationDemo\CSharp.Net8.BlazorNativeIntegrationDemo.csproj", "{423B9BEC-BDCC-4839-8FC3-A9AC211591E8}"
EndProject
Global
	GlobalSection(SolutionConfigurationPlatforms) = preSolution
		Debug|Any CPU = Debug|Any CPU
		Release|Any CPU = Release|Any CPU
	EndGlobalSection
	GlobalSection(ProjectConfigurationPlatforms) = postSolution
		{5F369623-62FA-41E9-A022-148C7B3E22F8}.Debug|Any CPU.ActiveCfg = Debug|Any CPU
		{5F369623-62FA-41E9-A022-148C7B3E22F8}.Debug|Any CPU.Build.0 = Debug|Any CPU
		{5F369623-62FA-41E9-A022-148C7B3E22F8}.Release|Any CPU.ActiveCfg = Release|Any CPU
		{5F369623-62FA-41E9-A022-148C7B3E22F8}.Release|Any CPU.Build.0 = Release|Any CPU
		{631C2A77-2C05-4DFB-9E44-C4B34223045E}.Debug|Any CPU.ActiveCfg = Debug|Any CPU
		{631C2A77-2C05-4DFB-9E44-C4B34223045E}.Debug|Any CPU.Build.0 = Debug|Any CPU
		{631C2A77-2C05-4DFB-9E44-C4B34223045E}.Release|Any CPU.ActiveCfg = Release|Any CPU
		{631C2A77-2C05-4DFB-9E44-C4B34223045E}.Release|Any CPU.Build.0 = Release|Any CPU
		{423B9BEC-BDCC-4839-8FC3-A9AC211591E8}.Debug|Any CPU.ActiveCfg = Debug|Any CPU
		{423B9BEC-BDCC-4839-8FC3-A9AC211591E8}.Debug|Any CPU.Build.0 = Debug|Any CPU
		{423B9BEC-BDCC-4839-8FC3-A9AC211591E8}.Release|Any CPU.ActiveCfg = Release|Any CPU
		{423B9BEC-BDCC-4839-8FC3-A9AC211591E8}.Release|Any CPU.Build.0 = Release|Any CPU
	EndGlobalSection
	GlobalSection(SolutionProperties) = preSolution
		HideSolutionNode = FALSE
	EndGlobalSection
	GlobalSection(ExtensibilityGlobals) = postSolution
		SolutionGuid = {7E4DB48B-9437-4B6D-8EF2-274632FA66DB}
	EndGlobalSection
EndGlobal
