
Microsoft Visual Studio Solution File, Format Version 12.00
# Visual Studio Version 17
VisualStudioVersion = 17.0.31825.309
MinimumVisualStudioVersion = 10.0.40219.1
Project("{FAE04EC0-301F-11D3-BF4B-00C04F79EFBC}") = "CSharp.NetFramework.WpfIntegrationDemo", ".NET Framework\WpfIntegrationDemo\CSharp.NetFramework.WpfIntegrationDemo.csproj", "{2C4643F0-38C3-4B1B-AC51-EE27D99BE457}"
EndProject
Project("{FAE04EC0-301F-11D3-BF4B-00C04F79EFBC}") = "CSharp.ReportLibrary", ".NET Framework\ReportLibrary\CSharp.ReportLibrary.csproj", "{45DCEC9A-B73B-45F3-B199-DA974C511B6D}"
EndProject
Project("{FAE04EC0-301F-11D3-BF4B-00C04F79EFBC}") = "CSharp.NetFramework.WebFormsIntegrationDemo", ".NET Framework\WebFormsIntegrationDemo\CSharp.NetFramework.WebFormsIntegrationDemo.csproj", "{7AAC4974-51B5-4E6F-B709-F8375A9BAE91}"
EndProject
Project("{FAE04EC0-301F-11D3-BF4B-00C04F79EFBC}") = "CSharp.NetFramework.WinFormsIntegrationDemo", ".NET Framework\WinFormsIntegrationDemo\CSharp.NetFramework.WinFormsIntegrationDemo.csproj", "{0118264D-5F05-4AE7-973B-30360AB3BFD9}"
EndProject
Project("{FAE04EC0-301F-11D3-BF4B-00C04F79EFBC}") = "CSharp.NetFramework.Html5IntegrationDemo", ".NET Framework\Html5IntegrationDemo\CSharp.NetFramework.Html5IntegrationDemo.csproj", "{3DE728C1-E30F-4472-848F-118405662B96}"
EndProject
Project("{FAE04EC0-301F-11D3-BF4B-00C04F79EFBC}") = "CSharp.NetFramework.AspNetMvcIntegrationDemo", ".NET Framework\AspNetMvcIntegrationDemo\CSharp.NetFramework.AspNetMvcIntegrationDemo.csproj", "{DB2A4737-8BDA-4474-B1D2-4EFD0731EB45}"
EndProject
Project("{2150E333-8FDC-42A3-9474-1A3956D46DE8}") = ".nuget", ".nuget", "{F9C22B6C-8F1B-4FBF-8E21-E1B41F7454CA}"
	ProjectSection(SolutionItems) = preProject
		.nuget\NuGet.Config = .nuget\NuGet.Config
		.nuget\NuGet.exe = .nuget\NuGet.exe
		.nuget\NuGet.targets = .nuget\NuGet.targets
	EndProjectSection
EndProject
Project("{2150E333-8FDC-42A3-9474-1A3956D46DE8}") = "Solution Items", "Solution Items", "{A2825703-BC63-4828-9258-A111A1D6ECF5}"
	ProjectSection(SolutionItems) = preProject
		..\Readme.txt = ..\Readme.txt
	EndProjectSection
EndProject
Project("{2150E333-8FDC-42A3-9474-1A3956D46DE8}") = ".NET Framework", ".NET Framework", "{7E9BB794-5D7B-498A-9935-8F931D5D432F}"
EndProject
Project("{FAE04EC0-301F-11D3-BF4B-00C04F79EFBC}") = "CSharp.NetFramework.ReportingRestServiceCorsDemo", ".NET Framework\ReportingRestServiceCorsDemo\CSharp.NetFramework.ReportingRestServiceCorsDemo.csproj", "{E99B389E-8B43-484C-9E40-DDD9839CBDC6}"
EndProject
Project("{2150E333-8FDC-42A3-9474-1A3956D46DE8}") = ".NET 6", ".NET 6", "{AF4A5250-F4A4-4F9B-B576-468634E0B49A}"
EndProject
Project("{9A19103F-16F7-4668-BE54-9A1E7A4F7556}") = "CSharp.Net6.BlazorIntegrationDemo", ".NET 6\BlazorIntegrationDemo\CSharp.Net6.BlazorIntegrationDemo.csproj", "{FF0FC71D-2898-466E-879A-D798B1631DED}"
EndProject
Project("{9A19103F-16F7-4668-BE54-9A1E7A4F7556}") = "CSharp.Net6.Html5IntegrationDemo", ".NET 6\Html5IntegrationDemo\CSharp.Net6.Html5IntegrationDemo.csproj", "{B387A67B-106E-42B5-9AAA-C143EE594CF2}"
EndProject
Project("{9A19103F-16F7-4668-BE54-9A1E7A4F7556}") = "CSharp.Net6.ReportingRestServiceCorsDemo", ".NET 6\ReportingRestServiceCorsDemo\CSharp.Net6.ReportingRestServiceCorsDemo.csproj", "{7C2EFC3C-BC46-4A4A-AF2D-0F85AAA05A4B}"
EndProject
Project("{9A19103F-16F7-4668-BE54-9A1E7A4F7556}") = "CSharp.Net6.WinFormsIntegrationDemo", ".NET 6\WinFormsIntegrationDemo\CSharp.Net6.WinFormsIntegrationDemo.csproj", "{34108E8B-91ED-40AA-996B-747A6CC60368}"
EndProject
Project("{9A19103F-16F7-4668-BE54-9A1E7A4F7556}") = "CSharp.Net6.WpfIntegrationDemo", ".NET 6\WpfIntegrationDemo\CSharp.Net6.WpfIntegrationDemo.csproj", "{17878BE4-73EA-4A2C-AF16-2D4B6E4FB2DA}"
EndProject
Project("{2150E333-8FDC-42A3-9474-1A3956D46DE8}") = "Business Objects", "Business Objects", "{416F3514-A19D-4949-ACE1-4B6E0A9B1983}"
EndProject
Project("{9A19103F-16F7-4668-BE54-9A1E7A4F7556}") = "SpeakerObjects", "Business Objects\SpeakerObjects.csproj", "{7A5A1B96-809F-45AD-B96E-E528B62F7BA4}"
EndProject
Project("{2150E333-8FDC-42A3-9474-1A3956D46DE8}") = ".NET 7", ".NET 7", "{440E5473-1551-4A79-B947-CBC9A2A34054}"
EndProject
Project("{9A19103F-16F7-4668-BE54-9A1E7A4F7556}") = "CSharp.Net7.BlazorIntegrationDemo", ".NET 7\BlazorIntegrationDemo\CSharp.Net7.BlazorIntegrationDemo.csproj", "{BD2A721D-AF37-4183-B06A-344B3A32819B}"
EndProject
Project("{9A19103F-16F7-4668-BE54-9A1E7A4F7556}") = "CSharp.Net7.Html5IntegrationDemo", ".NET 7\Html5IntegrationDemo\CSharp.Net7.Html5IntegrationDemo.csproj", "{A16C226F-31B7-4D1C-A474-EE494719B74A}"
EndProject
Project("{9A19103F-16F7-4668-BE54-9A1E7A4F7556}") = "CSharp.Net7.ReportingRestServiceCorsDemo", ".NET 7\ReportingRestServiceCorsDemo\CSharp.Net7.ReportingRestServiceCorsDemo.csproj", "{7DF59032-8E1E-4AD9-A49D-2A9C5ACC31E4}"
EndProject
Project("{9A19103F-16F7-4668-BE54-9A1E7A4F7556}") = "CSharp.Net7.WinFormsIntegrationDemo", ".NET 7\WinFormsIntegrationDemo\CSharp.Net7.WinFormsIntegrationDemo.csproj", "{6E540521-E4E3-432E-92C1-42C4A5274378}"
EndProject
Project("{9A19103F-16F7-4668-BE54-9A1E7A4F7556}") = "CSharp.Net7.WpfIntegrationDemo", ".NET 7\WpfIntegrationDemo\CSharp.Net7.WpfIntegrationDemo.csproj", "{32611359-84CA-4080-AA55-66D66A7A9828}"
EndProject
Project("{9A19103F-16F7-4668-BE54-9A1E7A4F7556}") = "CSharp.ReportLibrary", ".NET 6\ReportLibrary\CSharp.ReportLibrary.csproj", "{5B091ADA-45D8-494E-88B5-C996809DE79D}"
EndProject
Project("{2150E333-8FDC-42A3-9474-1A3956D46DE8}") = ".NET 8", ".NET 8", "{773AA4F6-A9E2-4F3D-9D8A-C99AF65CF94F}"
EndProject
Project("{9A19103F-16F7-4668-BE54-9A1E7A4F7556}") = "CSharp.Net8.BlazorIntegrationDemo", ".NET 8\BlazorIntegrationDemo\CSharp.Net8.BlazorIntegrationDemo.csproj", "{17E53D33-A5E3-42E2-BCDD-CF4FE3E140D1}"
EndProject
Project("{9A19103F-16F7-4668-BE54-9A1E7A4F7556}") = "CSharp.Net8.Html5IntegrationDemo", ".NET 8\Html5IntegrationDemo\CSharp.Net8.Html5IntegrationDemo.csproj", "{29B4BFC1-4883-4C7F-AC7F-89B265C7D3FA}"
EndProject
Project("{9A19103F-16F7-4668-BE54-9A1E7A4F7556}") = "CSharp.Net8.WinFormsIntegrationDemo", ".NET 8\WinFormsIntegrationDemo\CSharp.Net8.WinFormsIntegrationDemo.csproj", "{56ADCA84-9B2C-4BBD-BD93-68DCE8490F5D}"
EndProject
Project("{9A19103F-16F7-4668-BE54-9A1E7A4F7556}") = "CSharp.Net8.WpfIntegrationDemo", ".NET 8\WpfIntegrationDemo\CSharp.Net8.WpfIntegrationDemo.csproj", "{C1E2D316-F46A-4628-825D-E1B87FE69A98}"
EndProject
Project("{9A19103F-16F7-4668-BE54-9A1E7A4F7556}") = "CSharp.Net8.ReportingRestServiceCorsDemo", ".NET 8\ReportingRestServiceCorsDemo\CSharp.Net8.ReportingRestServiceCorsDemo.csproj", "{9C41C635-4BCC-4313-8EB4-D82A6EC5569F}"
EndProject
Global
	GlobalSection(SolutionConfigurationPlatforms) = preSolution
		Debug|Any CPU = Debug|Any CPU
		Debug|x64 = Debug|x64
		Debug|x86 = Debug|x86
		Release|Any CPU = Release|Any CPU
		Release|x64 = Release|x64
		Release|x86 = Release|x86
	EndGlobalSection
	GlobalSection(ProjectConfigurationPlatforms) = postSolution
		{2C4643F0-38C3-4B1B-AC51-EE27D99BE457}.Debug|Any CPU.ActiveCfg = Debug|Any CPU
		{2C4643F0-38C3-4B1B-AC51-EE27D99BE457}.Debug|Any CPU.Build.0 = Debug|Any CPU
		{2C4643F0-38C3-4B1B-AC51-EE27D99BE457}.Debug|x64.ActiveCfg = Debug|Any CPU
		{2C4643F0-38C3-4B1B-AC51-EE27D99BE457}.Debug|x64.Build.0 = Debug|Any CPU
		{2C4643F0-38C3-4B1B-AC51-EE27D99BE457}.Debug|x86.ActiveCfg = Debug|Any CPU
		{2C4643F0-38C3-4B1B-AC51-EE27D99BE457}.Debug|x86.Build.0 = Debug|Any CPU
		{2C4643F0-38C3-4B1B-AC51-EE27D99BE457}.Release|Any CPU.ActiveCfg = Release|Any CPU
		{2C4643F0-38C3-4B1B-AC51-EE27D99BE457}.Release|Any CPU.Build.0 = Release|Any CPU
		{2C4643F0-38C3-4B1B-AC51-EE27D99BE457}.Release|x64.ActiveCfg = Release|Any CPU
		{2C4643F0-38C3-4B1B-AC51-EE27D99BE457}.Release|x64.Build.0 = Release|Any CPU
		{2C4643F0-38C3-4B1B-AC51-EE27D99BE457}.Release|x86.ActiveCfg = Release|Any CPU
		{2C4643F0-38C3-4B1B-AC51-EE27D99BE457}.Release|x86.Build.0 = Release|Any CPU
		{45DCEC9A-B73B-45F3-B199-DA974C511B6D}.Debug|Any CPU.ActiveCfg = Debug|Any CPU
		{45DCEC9A-B73B-45F3-B199-DA974C511B6D}.Debug|Any CPU.Build.0 = Debug|Any CPU
		{45DCEC9A-B73B-45F3-B199-DA974C511B6D}.Debug|x64.ActiveCfg = Debug|Any CPU
		{45DCEC9A-B73B-45F3-B199-DA974C511B6D}.Debug|x64.Build.0 = Debug|Any CPU
		{45DCEC9A-B73B-45F3-B199-DA974C511B6D}.Debug|x86.ActiveCfg = Debug|Any CPU
		{45DCEC9A-B73B-45F3-B199-DA974C511B6D}.Debug|x86.Build.0 = Debug|Any CPU
		{45DCEC9A-B73B-45F3-B199-DA974C511B6D}.Release|Any CPU.ActiveCfg = Release|Any CPU
		{45DCEC9A-B73B-45F3-B199-DA974C511B6D}.Release|Any CPU.Build.0 = Release|Any CPU
		{45DCEC9A-B73B-45F3-B199-DA974C511B6D}.Release|x64.ActiveCfg = Release|Any CPU
		{45DCEC9A-B73B-45F3-B199-DA974C511B6D}.Release|x64.Build.0 = Release|Any CPU
		{45DCEC9A-B73B-45F3-B199-DA974C511B6D}.Release|x86.ActiveCfg = Release|Any CPU
		{45DCEC9A-B73B-45F3-B199-DA974C511B6D}.Release|x86.Build.0 = Release|Any CPU
		{7AAC4974-51B5-4E6F-B709-F8375A9BAE91}.Debug|Any CPU.ActiveCfg = Debug|Any CPU
		{7AAC4974-51B5-4E6F-B709-F8375A9BAE91}.Debug|Any CPU.Build.0 = Debug|Any CPU
		{7AAC4974-51B5-4E6F-B709-F8375A9BAE91}.Debug|x64.ActiveCfg = Debug|Any CPU
		{7AAC4974-51B5-4E6F-B709-F8375A9BAE91}.Debug|x64.Build.0 = Debug|Any CPU
		{7AAC4974-51B5-4E6F-B709-F8375A9BAE91}.Debug|x86.ActiveCfg = Debug|Any CPU
		{7AAC4974-51B5-4E6F-B709-F8375A9BAE91}.Debug|x86.Build.0 = Debug|Any CPU
		{7AAC4974-51B5-4E6F-B709-F8375A9BAE91}.Release|Any CPU.ActiveCfg = Release|Any CPU
		{7AAC4974-51B5-4E6F-B709-F8375A9BAE91}.Release|Any CPU.Build.0 = Release|Any CPU
		{7AAC4974-51B5-4E6F-B709-F8375A9BAE91}.Release|x64.ActiveCfg = Release|Any CPU
		{7AAC4974-51B5-4E6F-B709-F8375A9BAE91}.Release|x64.Build.0 = Release|Any CPU
		{7AAC4974-51B5-4E6F-B709-F8375A9BAE91}.Release|x86.ActiveCfg = Release|Any CPU
		{7AAC4974-51B5-4E6F-B709-F8375A9BAE91}.Release|x86.Build.0 = Release|Any CPU
		{0118264D-5F05-4AE7-973B-30360AB3BFD9}.Debug|Any CPU.ActiveCfg = Debug|Any CPU
		{0118264D-5F05-4AE7-973B-30360AB3BFD9}.Debug|Any CPU.Build.0 = Debug|Any CPU
		{0118264D-5F05-4AE7-973B-30360AB3BFD9}.Debug|x64.ActiveCfg = Debug|Any CPU
		{0118264D-5F05-4AE7-973B-30360AB3BFD9}.Debug|x64.Build.0 = Debug|Any CPU
		{0118264D-5F05-4AE7-973B-30360AB3BFD9}.Debug|x86.ActiveCfg = Debug|Any CPU
		{0118264D-5F05-4AE7-973B-30360AB3BFD9}.Debug|x86.Build.0 = Debug|Any CPU
		{0118264D-5F05-4AE7-973B-30360AB3BFD9}.Release|Any CPU.ActiveCfg = Release|Any CPU
		{0118264D-5F05-4AE7-973B-30360AB3BFD9}.Release|Any CPU.Build.0 = Release|Any CPU
		{0118264D-5F05-4AE7-973B-30360AB3BFD9}.Release|x64.ActiveCfg = Release|Any CPU
		{0118264D-5F05-4AE7-973B-30360AB3BFD9}.Release|x64.Build.0 = Release|Any CPU
		{0118264D-5F05-4AE7-973B-30360AB3BFD9}.Release|x86.ActiveCfg = Release|Any CPU
		{0118264D-5F05-4AE7-973B-30360AB3BFD9}.Release|x86.Build.0 = Release|Any CPU
		{3DE728C1-E30F-4472-848F-118405662B96}.Debug|Any CPU.ActiveCfg = Debug|Any CPU
		{3DE728C1-E30F-4472-848F-118405662B96}.Debug|Any CPU.Build.0 = Debug|Any CPU
		{3DE728C1-E30F-4472-848F-118405662B96}.Debug|x64.ActiveCfg = Debug|Any CPU
		{3DE728C1-E30F-4472-848F-118405662B96}.Debug|x64.Build.0 = Debug|Any CPU
		{3DE728C1-E30F-4472-848F-118405662B96}.Debug|x86.ActiveCfg = Debug|Any CPU
		{3DE728C1-E30F-4472-848F-118405662B96}.Debug|x86.Build.0 = Debug|Any CPU
		{3DE728C1-E30F-4472-848F-118405662B96}.Release|Any CPU.ActiveCfg = Release|Any CPU
		{3DE728C1-E30F-4472-848F-118405662B96}.Release|Any CPU.Build.0 = Release|Any CPU
		{3DE728C1-E30F-4472-848F-118405662B96}.Release|x64.ActiveCfg = Release|Any CPU
		{3DE728C1-E30F-4472-848F-118405662B96}.Release|x64.Build.0 = Release|Any CPU
		{3DE728C1-E30F-4472-848F-118405662B96}.Release|x86.ActiveCfg = Release|Any CPU
		{3DE728C1-E30F-4472-848F-118405662B96}.Release|x86.Build.0 = Release|Any CPU
		{DB2A4737-8BDA-4474-B1D2-4EFD0731EB45}.Debug|Any CPU.ActiveCfg = Debug|Any CPU
		{DB2A4737-8BDA-4474-B1D2-4EFD0731EB45}.Debug|Any CPU.Build.0 = Debug|Any CPU
		{DB2A4737-8BDA-4474-B1D2-4EFD0731EB45}.Debug|x64.ActiveCfg = Debug|Any CPU
		{DB2A4737-8BDA-4474-B1D2-4EFD0731EB45}.Debug|x64.Build.0 = Debug|Any CPU
		{DB2A4737-8BDA-4474-B1D2-4EFD0731EB45}.Debug|x86.ActiveCfg = Debug|Any CPU
		{DB2A4737-8BDA-4474-B1D2-4EFD0731EB45}.Debug|x86.Build.0 = Debug|Any CPU
		{DB2A4737-8BDA-4474-B1D2-4EFD0731EB45}.Release|Any CPU.ActiveCfg = Release|Any CPU
		{DB2A4737-8BDA-4474-B1D2-4EFD0731EB45}.Release|Any CPU.Build.0 = Release|Any CPU
		{DB2A4737-8BDA-4474-B1D2-4EFD0731EB45}.Release|x64.ActiveCfg = Release|Any CPU
		{DB2A4737-8BDA-4474-B1D2-4EFD0731EB45}.Release|x64.Build.0 = Release|Any CPU
		{DB2A4737-8BDA-4474-B1D2-4EFD0731EB45}.Release|x86.ActiveCfg = Release|Any CPU
		{DB2A4737-8BDA-4474-B1D2-4EFD0731EB45}.Release|x86.Build.0 = Release|Any CPU
		{E99B389E-8B43-484C-9E40-DDD9839CBDC6}.Debug|Any CPU.ActiveCfg = Debug|Any CPU
		{E99B389E-8B43-484C-9E40-DDD9839CBDC6}.Debug|Any CPU.Build.0 = Debug|Any CPU
		{E99B389E-8B43-484C-9E40-DDD9839CBDC6}.Debug|x64.ActiveCfg = Debug|Any CPU
		{E99B389E-8B43-484C-9E40-DDD9839CBDC6}.Debug|x64.Build.0 = Debug|Any CPU
		{E99B389E-8B43-484C-9E40-DDD9839CBDC6}.Debug|x86.ActiveCfg = Debug|Any CPU
		{E99B389E-8B43-484C-9E40-DDD9839CBDC6}.Debug|x86.Build.0 = Debug|Any CPU
		{E99B389E-8B43-484C-9E40-DDD9839CBDC6}.Release|Any CPU.ActiveCfg = Release|Any CPU
		{E99B389E-8B43-484C-9E40-DDD9839CBDC6}.Release|Any CPU.Build.0 = Release|Any CPU
		{E99B389E-8B43-484C-9E40-DDD9839CBDC6}.Release|x64.ActiveCfg = Release|Any CPU
		{E99B389E-8B43-484C-9E40-DDD9839CBDC6}.Release|x64.Build.0 = Release|Any CPU
		{E99B389E-8B43-484C-9E40-DDD9839CBDC6}.Release|x86.ActiveCfg = Release|Any CPU
		{E99B389E-8B43-484C-9E40-DDD9839CBDC6}.Release|x86.Build.0 = Release|Any CPU
		{FF0FC71D-2898-466E-879A-D798B1631DED}.Debug|Any CPU.ActiveCfg = Debug|Any CPU
		{FF0FC71D-2898-466E-879A-D798B1631DED}.Debug|Any CPU.Build.0 = Debug|Any CPU
		{FF0FC71D-2898-466E-879A-D798B1631DED}.Debug|x64.ActiveCfg = Debug|Any CPU
		{FF0FC71D-2898-466E-879A-D798B1631DED}.Debug|x64.Build.0 = Debug|Any CPU
		{FF0FC71D-2898-466E-879A-D798B1631DED}.Debug|x86.ActiveCfg = Debug|Any CPU
		{FF0FC71D-2898-466E-879A-D798B1631DED}.Debug|x86.Build.0 = Debug|Any CPU
		{FF0FC71D-2898-466E-879A-D798B1631DED}.Release|Any CPU.ActiveCfg = Release|Any CPU
		{FF0FC71D-2898-466E-879A-D798B1631DED}.Release|Any CPU.Build.0 = Release|Any CPU
		{FF0FC71D-2898-466E-879A-D798B1631DED}.Release|x64.ActiveCfg = Release|Any CPU
		{FF0FC71D-2898-466E-879A-D798B1631DED}.Release|x64.Build.0 = Release|Any CPU
		{FF0FC71D-2898-466E-879A-D798B1631DED}.Release|x86.ActiveCfg = Release|Any CPU
		{FF0FC71D-2898-466E-879A-D798B1631DED}.Release|x86.Build.0 = Release|Any CPU
		{B387A67B-106E-42B5-9AAA-C143EE594CF2}.Debug|Any CPU.ActiveCfg = Debug|Any CPU
		{B387A67B-106E-42B5-9AAA-C143EE594CF2}.Debug|Any CPU.Build.0 = Debug|Any CPU
		{B387A67B-106E-42B5-9AAA-C143EE594CF2}.Debug|x64.ActiveCfg = Debug|Any CPU
		{B387A67B-106E-42B5-9AAA-C143EE594CF2}.Debug|x64.Build.0 = Debug|Any CPU
		{B387A67B-106E-42B5-9AAA-C143EE594CF2}.Debug|x86.ActiveCfg = Debug|Any CPU
		{B387A67B-106E-42B5-9AAA-C143EE594CF2}.Debug|x86.Build.0 = Debug|Any CPU
		{B387A67B-106E-42B5-9AAA-C143EE594CF2}.Release|Any CPU.ActiveCfg = Release|Any CPU
		{B387A67B-106E-42B5-9AAA-C143EE594CF2}.Release|Any CPU.Build.0 = Release|Any CPU
		{B387A67B-106E-42B5-9AAA-C143EE594CF2}.Release|x64.ActiveCfg = Release|Any CPU
		{B387A67B-106E-42B5-9AAA-C143EE594CF2}.Release|x64.Build.0 = Release|Any CPU
		{B387A67B-106E-42B5-9AAA-C143EE594CF2}.Release|x86.ActiveCfg = Release|Any CPU
		{B387A67B-106E-42B5-9AAA-C143EE594CF2}.Release|x86.Build.0 = Release|Any CPU
		{7C2EFC3C-BC46-4A4A-AF2D-0F85AAA05A4B}.Debug|Any CPU.ActiveCfg = Debug|Any CPU
		{7C2EFC3C-BC46-4A4A-AF2D-0F85AAA05A4B}.Debug|Any CPU.Build.0 = Debug|Any CPU
		{7C2EFC3C-BC46-4A4A-AF2D-0F85AAA05A4B}.Debug|x64.ActiveCfg = Debug|Any CPU
		{7C2EFC3C-BC46-4A4A-AF2D-0F85AAA05A4B}.Debug|x64.Build.0 = Debug|Any CPU
		{7C2EFC3C-BC46-4A4A-AF2D-0F85AAA05A4B}.Debug|x86.ActiveCfg = Debug|Any CPU
		{7C2EFC3C-BC46-4A4A-AF2D-0F85AAA05A4B}.Debug|x86.Build.0 = Debug|Any CPU
		{7C2EFC3C-BC46-4A4A-AF2D-0F85AAA05A4B}.Release|Any CPU.ActiveCfg = Release|Any CPU
		{7C2EFC3C-BC46-4A4A-AF2D-0F85AAA05A4B}.Release|Any CPU.Build.0 = Release|Any CPU
		{7C2EFC3C-BC46-4A4A-AF2D-0F85AAA05A4B}.Release|x64.ActiveCfg = Release|Any CPU
		{7C2EFC3C-BC46-4A4A-AF2D-0F85AAA05A4B}.Release|x64.Build.0 = Release|Any CPU
		{7C2EFC3C-BC46-4A4A-AF2D-0F85AAA05A4B}.Release|x86.ActiveCfg = Release|Any CPU
		{7C2EFC3C-BC46-4A4A-AF2D-0F85AAA05A4B}.Release|x86.Build.0 = Release|Any CPU
		{34108E8B-91ED-40AA-996B-747A6CC60368}.Debug|Any CPU.ActiveCfg = Debug|Any CPU
		{34108E8B-91ED-40AA-996B-747A6CC60368}.Debug|Any CPU.Build.0 = Debug|Any CPU
		{34108E8B-91ED-40AA-996B-747A6CC60368}.Debug|x64.ActiveCfg = Debug|Any CPU
		{34108E8B-91ED-40AA-996B-747A6CC60368}.Debug|x64.Build.0 = Debug|Any CPU
		{34108E8B-91ED-40AA-996B-747A6CC60368}.Debug|x86.ActiveCfg = Debug|Any CPU
		{34108E8B-91ED-40AA-996B-747A6CC60368}.Debug|x86.Build.0 = Debug|Any CPU
		{34108E8B-91ED-40AA-996B-747A6CC60368}.Release|Any CPU.ActiveCfg = Release|Any CPU
		{34108E8B-91ED-40AA-996B-747A6CC60368}.Release|Any CPU.Build.0 = Release|Any CPU
		{34108E8B-91ED-40AA-996B-747A6CC60368}.Release|x64.ActiveCfg = Release|Any CPU
		{34108E8B-91ED-40AA-996B-747A6CC60368}.Release|x64.Build.0 = Release|Any CPU
		{34108E8B-91ED-40AA-996B-747A6CC60368}.Release|x86.ActiveCfg = Release|Any CPU
		{34108E8B-91ED-40AA-996B-747A6CC60368}.Release|x86.Build.0 = Release|Any CPU
		{17878BE4-73EA-4A2C-AF16-2D4B6E4FB2DA}.Debug|Any CPU.ActiveCfg = Debug|Any CPU
		{17878BE4-73EA-4A2C-AF16-2D4B6E4FB2DA}.Debug|Any CPU.Build.0 = Debug|Any CPU
		{17878BE4-73EA-4A2C-AF16-2D4B6E4FB2DA}.Debug|x64.ActiveCfg = Debug|Any CPU
		{17878BE4-73EA-4A2C-AF16-2D4B6E4FB2DA}.Debug|x64.Build.0 = Debug|Any CPU
		{17878BE4-73EA-4A2C-AF16-2D4B6E4FB2DA}.Debug|x86.ActiveCfg = Debug|Any CPU
		{17878BE4-73EA-4A2C-AF16-2D4B6E4FB2DA}.Debug|x86.Build.0 = Debug|Any CPU
		{17878BE4-73EA-4A2C-AF16-2D4B6E4FB2DA}.Release|Any CPU.ActiveCfg = Release|Any CPU
		{17878BE4-73EA-4A2C-AF16-2D4B6E4FB2DA}.Release|Any CPU.Build.0 = Release|Any CPU
		{17878BE4-73EA-4A2C-AF16-2D4B6E4FB2DA}.Release|x64.ActiveCfg = Release|Any CPU
		{17878BE4-73EA-4A2C-AF16-2D4B6E4FB2DA}.Release|x64.Build.0 = Release|Any CPU
		{17878BE4-73EA-4A2C-AF16-2D4B6E4FB2DA}.Release|x86.ActiveCfg = Release|Any CPU
		{17878BE4-73EA-4A2C-AF16-2D4B6E4FB2DA}.Release|x86.Build.0 = Release|Any CPU
		{7A5A1B96-809F-45AD-B96E-E528B62F7BA4}.Debug|Any CPU.ActiveCfg = Debug|Any CPU
		{7A5A1B96-809F-45AD-B96E-E528B62F7BA4}.Debug|Any CPU.Build.0 = Debug|Any CPU
		{7A5A1B96-809F-45AD-B96E-E528B62F7BA4}.Debug|x64.ActiveCfg = Debug|Any CPU
		{7A5A1B96-809F-45AD-B96E-E528B62F7BA4}.Debug|x64.Build.0 = Debug|Any CPU
		{7A5A1B96-809F-45AD-B96E-E528B62F7BA4}.Debug|x86.ActiveCfg = Debug|Any CPU
		{7A5A1B96-809F-45AD-B96E-E528B62F7BA4}.Debug|x86.Build.0 = Debug|Any CPU
		{7A5A1B96-809F-45AD-B96E-E528B62F7BA4}.Release|Any CPU.ActiveCfg = Release|Any CPU
		{7A5A1B96-809F-45AD-B96E-E528B62F7BA4}.Release|Any CPU.Build.0 = Release|Any CPU
		{7A5A1B96-809F-45AD-B96E-E528B62F7BA4}.Release|x64.ActiveCfg = Release|Any CPU
		{7A5A1B96-809F-45AD-B96E-E528B62F7BA4}.Release|x64.Build.0 = Release|Any CPU
		{7A5A1B96-809F-45AD-B96E-E528B62F7BA4}.Release|x86.ActiveCfg = Release|Any CPU
		{7A5A1B96-809F-45AD-B96E-E528B62F7BA4}.Release|x86.Build.0 = Release|Any CPU
		{BD2A721D-AF37-4183-B06A-344B3A32819B}.Debug|Any CPU.ActiveCfg = Debug|Any CPU
		{BD2A721D-AF37-4183-B06A-344B3A32819B}.Debug|Any CPU.Build.0 = Debug|Any CPU
		{BD2A721D-AF37-4183-B06A-344B3A32819B}.Debug|x64.ActiveCfg = Debug|Any CPU
		{BD2A721D-AF37-4183-B06A-344B3A32819B}.Debug|x64.Build.0 = Debug|Any CPU
		{BD2A721D-AF37-4183-B06A-344B3A32819B}.Debug|x86.ActiveCfg = Debug|Any CPU
		{BD2A721D-AF37-4183-B06A-344B3A32819B}.Debug|x86.Build.0 = Debug|Any CPU
		{BD2A721D-AF37-4183-B06A-344B3A32819B}.Release|Any CPU.ActiveCfg = Release|Any CPU
		{BD2A721D-AF37-4183-B06A-344B3A32819B}.Release|Any CPU.Build.0 = Release|Any CPU
		{BD2A721D-AF37-4183-B06A-344B3A32819B}.Release|x64.ActiveCfg = Release|Any CPU
		{BD2A721D-AF37-4183-B06A-344B3A32819B}.Release|x64.Build.0 = Release|Any CPU
		{BD2A721D-AF37-4183-B06A-344B3A32819B}.Release|x86.ActiveCfg = Release|Any CPU
		{BD2A721D-AF37-4183-B06A-344B3A32819B}.Release|x86.Build.0 = Release|Any CPU
		{A16C226F-31B7-4D1C-A474-EE494719B74A}.Debug|Any CPU.ActiveCfg = Debug|Any CPU
		{A16C226F-31B7-4D1C-A474-EE494719B74A}.Debug|Any CPU.Build.0 = Debug|Any CPU
		{A16C226F-31B7-4D1C-A474-EE494719B74A}.Debug|x64.ActiveCfg = Debug|Any CPU
		{A16C226F-31B7-4D1C-A474-EE494719B74A}.Debug|x64.Build.0 = Debug|Any CPU
		{A16C226F-31B7-4D1C-A474-EE494719B74A}.Debug|x86.ActiveCfg = Debug|Any CPU
		{A16C226F-31B7-4D1C-A474-EE494719B74A}.Debug|x86.Build.0 = Debug|Any CPU
		{A16C226F-31B7-4D1C-A474-EE494719B74A}.Release|Any CPU.ActiveCfg = Release|Any CPU
		{A16C226F-31B7-4D1C-A474-EE494719B74A}.Release|Any CPU.Build.0 = Release|Any CPU
		{A16C226F-31B7-4D1C-A474-EE494719B74A}.Release|x64.ActiveCfg = Release|Any CPU
		{A16C226F-31B7-4D1C-A474-EE494719B74A}.Release|x64.Build.0 = Release|Any CPU
		{A16C226F-31B7-4D1C-A474-EE494719B74A}.Release|x86.ActiveCfg = Release|Any CPU
		{A16C226F-31B7-4D1C-A474-EE494719B74A}.Release|x86.Build.0 = Release|Any CPU
		{7DF59032-8E1E-4AD9-A49D-2A9C5ACC31E4}.Debug|Any CPU.ActiveCfg = Debug|Any CPU
		{7DF59032-8E1E-4AD9-A49D-2A9C5ACC31E4}.Debug|Any CPU.Build.0 = Debug|Any CPU
		{7DF59032-8E1E-4AD9-A49D-2A9C5ACC31E4}.Debug|x64.ActiveCfg = Debug|Any CPU
		{7DF59032-8E1E-4AD9-A49D-2A9C5ACC31E4}.Debug|x64.Build.0 = Debug|Any CPU
		{7DF59032-8E1E-4AD9-A49D-2A9C5ACC31E4}.Debug|x86.ActiveCfg = Debug|Any CPU
		{7DF59032-8E1E-4AD9-A49D-2A9C5ACC31E4}.Debug|x86.Build.0 = Debug|Any CPU
		{7DF59032-8E1E-4AD9-A49D-2A9C5ACC31E4}.Release|Any CPU.ActiveCfg = Release|Any CPU
		{7DF59032-8E1E-4AD9-A49D-2A9C5ACC31E4}.Release|Any CPU.Build.0 = Release|Any CPU
		{7DF59032-8E1E-4AD9-A49D-2A9C5ACC31E4}.Release|x64.ActiveCfg = Release|Any CPU
		{7DF59032-8E1E-4AD9-A49D-2A9C5ACC31E4}.Release|x64.Build.0 = Release|Any CPU
		{7DF59032-8E1E-4AD9-A49D-2A9C5ACC31E4}.Release|x86.ActiveCfg = Release|Any CPU
		{7DF59032-8E1E-4AD9-A49D-2A9C5ACC31E4}.Release|x86.Build.0 = Release|Any CPU
		{6E540521-E4E3-432E-92C1-42C4A5274378}.Debug|Any CPU.ActiveCfg = Debug|Any CPU
		{6E540521-E4E3-432E-92C1-42C4A5274378}.Debug|Any CPU.Build.0 = Debug|Any CPU
		{6E540521-E4E3-432E-92C1-42C4A5274378}.Debug|x64.ActiveCfg = Debug|Any CPU
		{6E540521-E4E3-432E-92C1-42C4A5274378}.Debug|x64.Build.0 = Debug|Any CPU
		{6E540521-E4E3-432E-92C1-42C4A5274378}.Debug|x86.ActiveCfg = Debug|Any CPU
		{6E540521-E4E3-432E-92C1-42C4A5274378}.Debug|x86.Build.0 = Debug|Any CPU
		{6E540521-E4E3-432E-92C1-42C4A5274378}.Release|Any CPU.ActiveCfg = Release|Any CPU
		{6E540521-E4E3-432E-92C1-42C4A5274378}.Release|Any CPU.Build.0 = Release|Any CPU
		{6E540521-E4E3-432E-92C1-42C4A5274378}.Release|x64.ActiveCfg = Release|Any CPU
		{6E540521-E4E3-432E-92C1-42C4A5274378}.Release|x64.Build.0 = Release|Any CPU
		{6E540521-E4E3-432E-92C1-42C4A5274378}.Release|x86.ActiveCfg = Release|Any CPU
		{6E540521-E4E3-432E-92C1-42C4A5274378}.Release|x86.Build.0 = Release|Any CPU
		{32611359-84CA-4080-AA55-66D66A7A9828}.Debug|Any CPU.ActiveCfg = Debug|Any CPU
		{32611359-84CA-4080-AA55-66D66A7A9828}.Debug|Any CPU.Build.0 = Debug|Any CPU
		{32611359-84CA-4080-AA55-66D66A7A9828}.Debug|x64.ActiveCfg = Debug|Any CPU
		{32611359-84CA-4080-AA55-66D66A7A9828}.Debug|x64.Build.0 = Debug|Any CPU
		{32611359-84CA-4080-AA55-66D66A7A9828}.Debug|x86.ActiveCfg = Debug|Any CPU
		{32611359-84CA-4080-AA55-66D66A7A9828}.Debug|x86.Build.0 = Debug|Any CPU
		{32611359-84CA-4080-AA55-66D66A7A9828}.Release|Any CPU.ActiveCfg = Release|Any CPU
		{32611359-84CA-4080-AA55-66D66A7A9828}.Release|Any CPU.Build.0 = Release|Any CPU
		{32611359-84CA-4080-AA55-66D66A7A9828}.Release|x64.ActiveCfg = Release|Any CPU
		{32611359-84CA-4080-AA55-66D66A7A9828}.Release|x64.Build.0 = Release|Any CPU
		{32611359-84CA-4080-AA55-66D66A7A9828}.Release|x86.ActiveCfg = Release|Any CPU
		{32611359-84CA-4080-AA55-66D66A7A9828}.Release|x86.Build.0 = Release|Any CPU
		{5B091ADA-45D8-494E-88B5-C996809DE79D}.Debug|Any CPU.ActiveCfg = Debug|Any CPU
		{5B091ADA-45D8-494E-88B5-C996809DE79D}.Debug|Any CPU.Build.0 = Debug|Any CPU
		{5B091ADA-45D8-494E-88B5-C996809DE79D}.Debug|x64.ActiveCfg = Debug|Any CPU
		{5B091ADA-45D8-494E-88B5-C996809DE79D}.Debug|x64.Build.0 = Debug|Any CPU
		{5B091ADA-45D8-494E-88B5-C996809DE79D}.Debug|x86.ActiveCfg = Debug|Any CPU
		{5B091ADA-45D8-494E-88B5-C996809DE79D}.Debug|x86.Build.0 = Debug|Any CPU
		{5B091ADA-45D8-494E-88B5-C996809DE79D}.Release|Any CPU.ActiveCfg = Release|Any CPU
		{5B091ADA-45D8-494E-88B5-C996809DE79D}.Release|Any CPU.Build.0 = Release|Any CPU
		{5B091ADA-45D8-494E-88B5-C996809DE79D}.Release|x64.ActiveCfg = Release|Any CPU
		{5B091ADA-45D8-494E-88B5-C996809DE79D}.Release|x64.Build.0 = Release|Any CPU
		{5B091ADA-45D8-494E-88B5-C996809DE79D}.Release|x86.ActiveCfg = Release|Any CPU
		{5B091ADA-45D8-494E-88B5-C996809DE79D}.Release|x86.Build.0 = Release|Any CPU
		{17E53D33-A5E3-42E2-BCDD-CF4FE3E140D1}.Debug|Any CPU.ActiveCfg = Debug|Any CPU
		{17E53D33-A5E3-42E2-BCDD-CF4FE3E140D1}.Debug|Any CPU.Build.0 = Debug|Any CPU
		{17E53D33-A5E3-42E2-BCDD-CF4FE3E140D1}.Debug|x64.ActiveCfg = Debug|Any CPU
		{17E53D33-A5E3-42E2-BCDD-CF4FE3E140D1}.Debug|x64.Build.0 = Debug|Any CPU
		{17E53D33-A5E3-42E2-BCDD-CF4FE3E140D1}.Debug|x86.ActiveCfg = Debug|Any CPU
		{17E53D33-A5E3-42E2-BCDD-CF4FE3E140D1}.Debug|x86.Build.0 = Debug|Any CPU
		{17E53D33-A5E3-42E2-BCDD-CF4FE3E140D1}.Release|Any CPU.ActiveCfg = Release|Any CPU
		{17E53D33-A5E3-42E2-BCDD-CF4FE3E140D1}.Release|Any CPU.Build.0 = Release|Any CPU
		{17E53D33-A5E3-42E2-BCDD-CF4FE3E140D1}.Release|x64.ActiveCfg = Release|Any CPU
		{17E53D33-A5E3-42E2-BCDD-CF4FE3E140D1}.Release|x64.Build.0 = Release|Any CPU
		{17E53D33-A5E3-42E2-BCDD-CF4FE3E140D1}.Release|x86.ActiveCfg = Release|Any CPU
		{17E53D33-A5E3-42E2-BCDD-CF4FE3E140D1}.Release|x86.Build.0 = Release|Any CPU
		{29B4BFC1-4883-4C7F-AC7F-89B265C7D3FA}.Debug|Any CPU.ActiveCfg = Debug|Any CPU
		{29B4BFC1-4883-4C7F-AC7F-89B265C7D3FA}.Debug|Any CPU.Build.0 = Debug|Any CPU
		{29B4BFC1-4883-4C7F-AC7F-89B265C7D3FA}.Debug|x64.ActiveCfg = Debug|Any CPU
		{29B4BFC1-4883-4C7F-AC7F-89B265C7D3FA}.Debug|x64.Build.0 = Debug|Any CPU
		{29B4BFC1-4883-4C7F-AC7F-89B265C7D3FA}.Debug|x86.ActiveCfg = Debug|Any CPU
		{29B4BFC1-4883-4C7F-AC7F-89B265C7D3FA}.Debug|x86.Build.0 = Debug|Any CPU
		{29B4BFC1-4883-4C7F-AC7F-89B265C7D3FA}.Release|Any CPU.ActiveCfg = Release|Any CPU
		{29B4BFC1-4883-4C7F-AC7F-89B265C7D3FA}.Release|Any CPU.Build.0 = Release|Any CPU
		{29B4BFC1-4883-4C7F-AC7F-89B265C7D3FA}.Release|x64.ActiveCfg = Release|Any CPU
		{29B4BFC1-4883-4C7F-AC7F-89B265C7D3FA}.Release|x64.Build.0 = Release|Any CPU
		{29B4BFC1-4883-4C7F-AC7F-89B265C7D3FA}.Release|x86.ActiveCfg = Release|Any CPU
		{29B4BFC1-4883-4C7F-AC7F-89B265C7D3FA}.Release|x86.Build.0 = Release|Any CPU
		{56ADCA84-9B2C-4BBD-BD93-68DCE8490F5D}.Debug|Any CPU.ActiveCfg = Debug|Any CPU
		{56ADCA84-9B2C-4BBD-BD93-68DCE8490F5D}.Debug|Any CPU.Build.0 = Debug|Any CPU
		{56ADCA84-9B2C-4BBD-BD93-68DCE8490F5D}.Debug|x64.ActiveCfg = Debug|Any CPU
		{56ADCA84-9B2C-4BBD-BD93-68DCE8490F5D}.Debug|x64.Build.0 = Debug|Any CPU
		{56ADCA84-9B2C-4BBD-BD93-68DCE8490F5D}.Debug|x86.ActiveCfg = Debug|Any CPU
		{56ADCA84-9B2C-4BBD-BD93-68DCE8490F5D}.Debug|x86.Build.0 = Debug|Any CPU
		{56ADCA84-9B2C-4BBD-BD93-68DCE8490F5D}.Release|Any CPU.ActiveCfg = Release|Any CPU
		{56ADCA84-9B2C-4BBD-BD93-68DCE8490F5D}.Release|Any CPU.Build.0 = Release|Any CPU
		{56ADCA84-9B2C-4BBD-BD93-68DCE8490F5D}.Release|x64.ActiveCfg = Release|Any CPU
		{56ADCA84-9B2C-4BBD-BD93-68DCE8490F5D}.Release|x64.Build.0 = Release|Any CPU
		{56ADCA84-9B2C-4BBD-BD93-68DCE8490F5D}.Release|x86.ActiveCfg = Release|Any CPU
		{56ADCA84-9B2C-4BBD-BD93-68DCE8490F5D}.Release|x86.Build.0 = Release|Any CPU
		{C1E2D316-F46A-4628-825D-E1B87FE69A98}.Debug|Any CPU.ActiveCfg = Debug|Any CPU
		{C1E2D316-F46A-4628-825D-E1B87FE69A98}.Debug|Any CPU.Build.0 = Debug|Any CPU
		{C1E2D316-F46A-4628-825D-E1B87FE69A98}.Debug|x64.ActiveCfg = Debug|Any CPU
		{C1E2D316-F46A-4628-825D-E1B87FE69A98}.Debug|x64.Build.0 = Debug|Any CPU
		{C1E2D316-F46A-4628-825D-E1B87FE69A98}.Debug|x86.ActiveCfg = Debug|Any CPU
		{C1E2D316-F46A-4628-825D-E1B87FE69A98}.Debug|x86.Build.0 = Debug|Any CPU
		{C1E2D316-F46A-4628-825D-E1B87FE69A98}.Release|Any CPU.ActiveCfg = Release|Any CPU
		{C1E2D316-F46A-4628-825D-E1B87FE69A98}.Release|Any CPU.Build.0 = Release|Any CPU
		{C1E2D316-F46A-4628-825D-E1B87FE69A98}.Release|x64.ActiveCfg = Release|Any CPU
		{C1E2D316-F46A-4628-825D-E1B87FE69A98}.Release|x64.Build.0 = Release|Any CPU
		{C1E2D316-F46A-4628-825D-E1B87FE69A98}.Release|x86.ActiveCfg = Release|Any CPU
		{C1E2D316-F46A-4628-825D-E1B87FE69A98}.Release|x86.Build.0 = Release|Any CPU
		{9C41C635-4BCC-4313-8EB4-D82A6EC5569F}.Debug|Any CPU.ActiveCfg = Debug|Any CPU
		{9C41C635-4BCC-4313-8EB4-D82A6EC5569F}.Debug|Any CPU.Build.0 = Debug|Any CPU
		{9C41C635-4BCC-4313-8EB4-D82A6EC5569F}.Debug|x64.ActiveCfg = Debug|Any CPU
		{9C41C635-4BCC-4313-8EB4-D82A6EC5569F}.Debug|x64.Build.0 = Debug|Any CPU
		{9C41C635-4BCC-4313-8EB4-D82A6EC5569F}.Debug|x86.ActiveCfg = Debug|Any CPU
		{9C41C635-4BCC-4313-8EB4-D82A6EC5569F}.Debug|x86.Build.0 = Debug|Any CPU
		{9C41C635-4BCC-4313-8EB4-D82A6EC5569F}.Release|Any CPU.ActiveCfg = Release|Any CPU
		{9C41C635-4BCC-4313-8EB4-D82A6EC5569F}.Release|Any CPU.Build.0 = Release|Any CPU
		{9C41C635-4BCC-4313-8EB4-D82A6EC5569F}.Release|x64.ActiveCfg = Release|Any CPU
		{9C41C635-4BCC-4313-8EB4-D82A6EC5569F}.Release|x64.Build.0 = Release|Any CPU
		{9C41C635-4BCC-4313-8EB4-D82A6EC5569F}.Release|x86.ActiveCfg = Release|Any CPU
		{9C41C635-4BCC-4313-8EB4-D82A6EC5569F}.Release|x86.Build.0 = Release|Any CPU
	EndGlobalSection
	GlobalSection(SolutionProperties) = preSolution
		HideSolutionNode = FALSE
	EndGlobalSection
	GlobalSection(NestedProjects) = preSolution
		{2C4643F0-38C3-4B1B-AC51-EE27D99BE457} = {7E9BB794-5D7B-498A-9935-8F931D5D432F}
		{45DCEC9A-B73B-45F3-B199-DA974C511B6D} = {7E9BB794-5D7B-498A-9935-8F931D5D432F}
		{7AAC4974-51B5-4E6F-B709-F8375A9BAE91} = {7E9BB794-5D7B-498A-9935-8F931D5D432F}
		{0118264D-5F05-4AE7-973B-30360AB3BFD9} = {7E9BB794-5D7B-498A-9935-8F931D5D432F}
		{3DE728C1-E30F-4472-848F-118405662B96} = {7E9BB794-5D7B-498A-9935-8F931D5D432F}
		{DB2A4737-8BDA-4474-B1D2-4EFD0731EB45} = {7E9BB794-5D7B-498A-9935-8F931D5D432F}
		{E99B389E-8B43-484C-9E40-DDD9839CBDC6} = {7E9BB794-5D7B-498A-9935-8F931D5D432F}
		{FF0FC71D-2898-466E-879A-D798B1631DED} = {AF4A5250-F4A4-4F9B-B576-468634E0B49A}
		{B387A67B-106E-42B5-9AAA-C143EE594CF2} = {AF4A5250-F4A4-4F9B-B576-468634E0B49A}
		{7C2EFC3C-BC46-4A4A-AF2D-0F85AAA05A4B} = {AF4A5250-F4A4-4F9B-B576-468634E0B49A}
		{34108E8B-91ED-40AA-996B-747A6CC60368} = {AF4A5250-F4A4-4F9B-B576-468634E0B49A}
		{17878BE4-73EA-4A2C-AF16-2D4B6E4FB2DA} = {AF4A5250-F4A4-4F9B-B576-468634E0B49A}
		{7A5A1B96-809F-45AD-B96E-E528B62F7BA4} = {416F3514-A19D-4949-ACE1-4B6E0A9B1983}
		{BD2A721D-AF37-4183-B06A-344B3A32819B} = {440E5473-1551-4A79-B947-CBC9A2A34054}
		{A16C226F-31B7-4D1C-A474-EE494719B74A} = {440E5473-1551-4A79-B947-CBC9A2A34054}
		{7DF59032-8E1E-4AD9-A49D-2A9C5ACC31E4} = {440E5473-1551-4A79-B947-CBC9A2A34054}
		{6E540521-E4E3-432E-92C1-42C4A5274378} = {440E5473-1551-4A79-B947-CBC9A2A34054}
		{32611359-84CA-4080-AA55-66D66A7A9828} = {440E5473-1551-4A79-B947-CBC9A2A34054}
		{5B091ADA-45D8-494E-88B5-C996809DE79D} = {AF4A5250-F4A4-4F9B-B576-468634E0B49A}
		{17E53D33-A5E3-42E2-BCDD-CF4FE3E140D1} = {773AA4F6-A9E2-4F3D-9D8A-C99AF65CF94F}
		{29B4BFC1-4883-4C7F-AC7F-89B265C7D3FA} = {773AA4F6-A9E2-4F3D-9D8A-C99AF65CF94F}
		{56ADCA84-9B2C-4BBD-BD93-68DCE8490F5D} = {773AA4F6-A9E2-4F3D-9D8A-C99AF65CF94F}
		{C1E2D316-F46A-4628-825D-E1B87FE69A98} = {773AA4F6-A9E2-4F3D-9D8A-C99AF65CF94F}
		{9C41C635-4BCC-4313-8EB4-D82A6EC5569F} = {773AA4F6-A9E2-4F3D-9D8A-C99AF65CF94F}
	EndGlobalSection
	GlobalSection(ExtensibilityGlobals) = postSolution
		SolutionGuid = {3285B08C-CFD4-41A0-90A0-021B32BB2E1C}
	EndGlobalSection
EndGlobal
